
Microsoft Visual Studio Solution File, Format Version 12.00
# Visual Studio Version 16
VisualStudioVersion = 16.0.29503.13
MinimumVisualStudioVersion = 10.0.40219.1
Project("{FAE04EC0-301F-11D3-BF4B-00C04F79EFBC}") = "ProjectTemp", "ProjectTemp.csproj", "{2DBCC6D8-A71C-4711-B7BC-B03D90A3EC18}"
EndProject
Global
	GlobalSection(SolutionConfigurationPlatforms) = preSolution
		Debug|Any CPU = Debug|Any CPU
		Release|Any CPU = Release|Any CPU
	EndGlobalSection
	GlobalSection(ProjectConfigurationPlatforms) = postSolution
		{2DBCC6D8-A71C-4711-B7BC-B03D90A3EC18}.Debug|Any CPU.ActiveCfg = Debug|Any CPU
		{2DBCC6D8-A71C-4711-B7BC-B03D90A3EC18}.Debug|Any CPU.Build.0 = Debug|Any CPU
		{2DBCC6D8-A71C-4711-B7BC-B03D90A3EC18}.Release|Any CPU.ActiveCfg = Release|Any CPU
		{2DBCC6D8-A71C-4711-B7BC-B03D90A3EC18}.Release|Any CPU.Build.0 = Release|Any CPU
	EndGlobalSection
	GlobalSection(SolutionProperties) = preSolution
		HideSolutionNode = FALSE
	EndGlobalSection
	GlobalSection(ExtensibilityGlobals) = postSolution
		SolutionGuid = {9594CF4B-0F5D-4E2D-99CD-067E62800C37}
	EndGlobalSection
EndGlobal
